// !$*UTF8*$!
{
	archiveVersion = 1;
	classes = {
	};
	objectVersion = 46;
	objects = {

/* Begin PBXBuildFile section */
		1D729A261C998AE500548428 /* ListViewController.swift in Sources */ = {isa = PBXBuildFile; fileRef = 1D729A241C998AE500548428 /* ListViewController.swift */; };
		1D729A271C998AE500548428 /* ListViewController.xib in Resources */ = {isa = PBXBuildFile; fileRef = 1D729A251C998AE500548428 /* ListViewController.xib */; };
		1D729A2A1C9990D000548428 /* ListConfigurator.swift in Sources */ = {isa = PBXBuildFile; fileRef = 1D729A291C9990D000548428 /* ListConfigurator.swift */; };
		1D729A2C1C99914B00548428 /* ListPresenter.swift in Sources */ = {isa = PBXBuildFile; fileRef = 1D729A2B1C99914B00548428 /* ListPresenter.swift */; };
		1D729A2E1C99917700548428 /* ListInteractor.swift in Sources */ = {isa = PBXBuildFile; fileRef = 1D729A2D1C99917700548428 /* ListInteractor.swift */; };
		1D729A301C99919000548428 /* VIPProtocols.swift in Sources */ = {isa = PBXBuildFile; fileRef = 1D729A2F1C99919000548428 /* VIPProtocols.swift */; };
		1D729A331C99930400548428 /* ListRouter.swift in Sources */ = {isa = PBXBuildFile; fileRef = 1D729A321C99930400548428 /* ListRouter.swift */; };
		1D729A351C99936000548428 /* ListVIPProtocols.swift in Sources */ = {isa = PBXBuildFile; fileRef = 1D729A341C99936000548428 /* ListVIPProtocols.swift */; };
		1D729A371C99973E00548428 /* ListViewCell.swift in Sources */ = {isa = PBXBuildFile; fileRef = 1D729A361C99973E00548428 /* ListViewCell.swift */; };
		1D729A391C99974800548428 /* ListViewCell.xib in Resources */ = {isa = PBXBuildFile; fileRef = 1D729A381C99974800548428 /* ListViewCell.xib */; };
		1D729A401C99991E00548428 /* DetailConfigurator.swift in Sources */ = {isa = PBXBuildFile; fileRef = 1D729A3F1C99991E00548428 /* DetailConfigurator.swift */; };
		1D729A421C99994B00548428 /* DetailInteractor.swift in Sources */ = {isa = PBXBuildFile; fileRef = 1D729A411C99994B00548428 /* DetailInteractor.swift */; };
		1D729A441C99995600548428 /* DetailPresenter.swift in Sources */ = {isa = PBXBuildFile; fileRef = 1D729A431C99995600548428 /* DetailPresenter.swift */; };
		1D729A461C99996300548428 /* DetailRouter.swift in Sources */ = {isa = PBXBuildFile; fileRef = 1D729A451C99996300548428 /* DetailRouter.swift */; };
		1D729A4B1C99999C00548428 /* DetailViewController.swift in Sources */ = {isa = PBXBuildFile; fileRef = 1D729A491C99999C00548428 /* DetailViewController.swift */; };
		1D729A4C1C99999C00548428 /* DetailViewController.xib in Resources */ = {isa = PBXBuildFile; fileRef = 1D729A4A1C99999C00548428 /* DetailViewController.xib */; };
		1D729A4E1C9999F400548428 /* DetailVIPProtocols.swift in Sources */ = {isa = PBXBuildFile; fileRef = 1D729A4D1C9999F400548428 /* DetailVIPProtocols.swift */; };
		1DD107291C99441200146E91 /* AppDelegate.swift in Sources */ = {isa = PBXBuildFile; fileRef = 1DD107281C99441200146E91 /* AppDelegate.swift */; };
		1DD1072B1C99441200146E91 /* ViewController.swift in Sources */ = {isa = PBXBuildFile; fileRef = 1DD1072A1C99441200146E91 /* ViewController.swift */; };
		1DD107301C99441200146E91 /* Assets.xcassets in Resources */ = {isa = PBXBuildFile; fileRef = 1DD1072F1C99441200146E91 /* Assets.xcassets */; };
		1DD107331C99441200146E91 /* LaunchScreen.storyboard in Resources */ = {isa = PBXBuildFile; fileRef = 1DD107311C99441200146E91 /* LaunchScreen.storyboard */; };
		1DD1073E1C99441200146E91 /* VIP_CleanAppTests.swift in Sources */ = {isa = PBXBuildFile; fileRef = 1DD1073D1C99441200146E91 /* VIP_CleanAppTests.swift */; };
		1DD107491C99441200146E91 /* VIP_CleanAppUITests.swift in Sources */ = {isa = PBXBuildFile; fileRef = 1DD107481C99441200146E91 /* VIP_CleanAppUITests.swift */; };
/* End PBXBuildFile section */

/* Begin PBXContainerItemProxy section */
		1DD1073A1C99441200146E91 /* PBXContainerItemProxy */ = {
			isa = PBXContainerItemProxy;
			containerPortal = 1DD1071D1C99441200146E91 /* Project object */;
			proxyType = 1;
			remoteGlobalIDString = 1DD107241C99441200146E91;
			remoteInfo = VIP_CleanApp;
		};
		1DD107451C99441200146E91 /* PBXContainerItemProxy */ = {
			isa = PBXContainerItemProxy;
			containerPortal = 1DD1071D1C99441200146E91 /* Project object */;
			proxyType = 1;
			remoteGlobalIDString = 1DD107241C99441200146E91;
			remoteInfo = VIP_CleanApp;
		};
/* End PBXContainerItemProxy section */

/* Begin PBXFileReference section */
		1D729A241C998AE500548428 /* ListViewController.swift */ = {isa = PBXFileReference; fileEncoding = 4; lastKnownFileType = sourcecode.swift; path = ListViewController.swift; sourceTree = "<group>"; };
		1D729A251C998AE500548428 /* ListViewController.xib */ = {isa = PBXFileReference; fileEncoding = 4; lastKnownFileType = file.xib; path = ListViewController.xib; sourceTree = "<group>"; };
		1D729A291C9990D000548428 /* ListConfigurator.swift */ = {isa = PBXFileReference; fileEncoding = 4; lastKnownFileType = sourcecode.swift; path = ListConfigurator.swift; sourceTree = "<group>"; };
		1D729A2B1C99914B00548428 /* ListPresenter.swift */ = {isa = PBXFileReference; fileEncoding = 4; lastKnownFileType = sourcecode.swift; path = ListPresenter.swift; sourceTree = "<group>"; };
		1D729A2D1C99917700548428 /* ListInteractor.swift */ = {isa = PBXFileReference; fileEncoding = 4; lastKnownFileType = sourcecode.swift; path = ListInteractor.swift; sourceTree = "<group>"; };
		1D729A2F1C99919000548428 /* VIPProtocols.swift */ = {isa = PBXFileReference; fileEncoding = 4; lastKnownFileType = sourcecode.swift; name = VIPProtocols.swift; path = Scenes/VIPProtocols.swift; sourceTree = "<group>"; };
		1D729A321C99930400548428 /* ListRouter.swift */ = {isa = PBXFileReference; fileEncoding = 4; lastKnownFileType = sourcecode.swift; path = ListRouter.swift; sourceTree = "<group>"; };
		1D729A341C99936000548428 /* ListVIPProtocols.swift */ = {isa = PBXFileReference; fileEncoding = 4; lastKnownFileType = sourcecode.swift; path = ListVIPProtocols.swift; sourceTree = "<group>"; };
		1D729A361C99973E00548428 /* ListViewCell.swift */ = {isa = PBXFileReference; fileEncoding = 4; lastKnownFileType = sourcecode.swift; path = ListViewCell.swift; sourceTree = "<group>"; };
		1D729A381C99974800548428 /* ListViewCell.xib */ = {isa = PBXFileReference; fileEncoding = 4; lastKnownFileType = file.xib; path = ListViewCell.xib; sourceTree = "<group>"; };
		1D729A3F1C99991E00548428 /* DetailConfigurator.swift */ = {isa = PBXFileReference; fileEncoding = 4; lastKnownFileType = sourcecode.swift; path = DetailConfigurator.swift; sourceTree = "<group>"; };
		1D729A411C99994B00548428 /* DetailInteractor.swift */ = {isa = PBXFileReference; fileEncoding = 4; lastKnownFileType = sourcecode.swift; path = DetailInteractor.swift; sourceTree = "<group>"; };
		1D729A431C99995600548428 /* DetailPresenter.swift */ = {isa = PBXFileReference; fileEncoding = 4; lastKnownFileType = sourcecode.swift; path = DetailPresenter.swift; sourceTree = "<group>"; };
		1D729A451C99996300548428 /* DetailRouter.swift */ = {isa = PBXFileReference; fileEncoding = 4; lastKnownFileType = sourcecode.swift; path = DetailRouter.swift; sourceTree = "<group>"; };
		1D729A491C99999C00548428 /* DetailViewController.swift */ = {isa = PBXFileReference; fileEncoding = 4; lastKnownFileType = sourcecode.swift; path = DetailViewController.swift; sourceTree = "<group>"; };
		1D729A4A1C99999C00548428 /* DetailViewController.xib */ = {isa = PBXFileReference; fileEncoding = 4; lastKnownFileType = file.xib; path = DetailViewController.xib; sourceTree = "<group>"; };
		1D729A4D1C9999F400548428 /* DetailVIPProtocols.swift */ = {isa = PBXFileReference; fileEncoding = 4; lastKnownFileType = sourcecode.swift; path = DetailVIPProtocols.swift; sourceTree = "<group>"; };
		1DD107251C99441200146E91 /* VIP_CleanApp.app */ = {isa = PBXFileReference; explicitFileType = wrapper.application; includeInIndex = 0; path = VIP_CleanApp.app; sourceTree = BUILT_PRODUCTS_DIR; };
		1DD107281C99441200146E91 /* AppDelegate.swift */ = {isa = PBXFileReference; lastKnownFileType = sourcecode.swift; path = AppDelegate.swift; sourceTree = "<group>"; };
		1DD1072A1C99441200146E91 /* ViewController.swift */ = {isa = PBXFileReference; lastKnownFileType = sourcecode.swift; path = ViewController.swift; sourceTree = "<group>"; };
		1DD1072F1C99441200146E91 /* Assets.xcassets */ = {isa = PBXFileReference; lastKnownFileType = folder.assetcatalog; path = Assets.xcassets; sourceTree = "<group>"; };
		1DD107321C99441200146E91 /* Base */ = {isa = PBXFileReference; lastKnownFileType = file.storyboard; name = Base; path = Base.lproj/LaunchScreen.storyboard; sourceTree = "<group>"; };
		1DD107341C99441200146E91 /* Info.plist */ = {isa = PBXFileReference; lastKnownFileType = text.plist.xml; path = Info.plist; sourceTree = "<group>"; };
		1DD107391C99441200146E91 /* VIP_CleanAppTests.xctest */ = {isa = PBXFileReference; explicitFileType = wrapper.cfbundle; includeInIndex = 0; path = VIP_CleanAppTests.xctest; sourceTree = BUILT_PRODUCTS_DIR; };
		1DD1073D1C99441200146E91 /* VIP_CleanAppTests.swift */ = {isa = PBXFileReference; lastKnownFileType = sourcecode.swift; path = VIP_CleanAppTests.swift; sourceTree = "<group>"; };
		1DD1073F1C99441200146E91 /* Info.plist */ = {isa = PBXFileReference; lastKnownFileType = text.plist.xml; path = Info.plist; sourceTree = "<group>"; };
		1DD107441C99441200146E91 /* VIP_CleanAppUITests.xctest */ = {isa = PBXFileReference; explicitFileType = wrapper.cfbundle; includeInIndex = 0; path = VIP_CleanAppUITests.xctest; sourceTree = BUILT_PRODUCTS_DIR; };
		1DD107481C99441200146E91 /* VIP_CleanAppUITests.swift */ = {isa = PBXFileReference; lastKnownFileType = sourcecode.swift; path = VIP_CleanAppUITests.swift; sourceTree = "<group>"; };
		1DD1074A1C99441200146E91 /* Info.plist */ = {isa = PBXFileReference; lastKnownFileType = text.plist.xml; path = Info.plist; sourceTree = "<group>"; };
/* End PBXFileReference section */

/* Begin PBXFrameworksBuildPhase section */
		1DD107221C99441200146E91 /* Frameworks */ = {
			isa = PBXFrameworksBuildPhase;
			buildActionMask = 2147483647;
			files = (
			);
			runOnlyForDeploymentPostprocessing = 0;
		};
		1DD107361C99441200146E91 /* Frameworks */ = {
			isa = PBXFrameworksBuildPhase;
			buildActionMask = 2147483647;
			files = (
			);
			runOnlyForDeploymentPostprocessing = 0;
		};
		1DD107411C99441200146E91 /* Frameworks */ = {
			isa = PBXFrameworksBuildPhase;
			buildActionMask = 2147483647;
			files = (
			);
			runOnlyForDeploymentPostprocessing = 0;
		};
/* End PBXFrameworksBuildPhase section */

/* Begin PBXGroup section */
		1D729A211C998ACA00548428 /* Interactor */ = {
			isa = PBXGroup;
			children = (
				1D729A2D1C99917700548428 /* ListInteractor.swift */,
			);
			path = Interactor;
			sourceTree = "<group>";
		};
		1D729A221C998ACA00548428 /* Presenter */ = {
			isa = PBXGroup;
			children = (
				1D729A2B1C99914B00548428 /* ListPresenter.swift */,
			);
			path = Presenter;
			sourceTree = "<group>";
		};
		1D729A231C998ACA00548428 /* View */ = {
			isa = PBXGroup;
			children = (
				1D729A241C998AE500548428 /* ListViewController.swift */,
				1D729A251C998AE500548428 /* ListViewController.xib */,
				1D729A361C99973E00548428 /* ListViewCell.swift */,
				1D729A381C99974800548428 /* ListViewCell.xib */,
			);
			path = View;
			sourceTree = "<group>";
		};
		1D729A281C9990BC00548428 /* Configurator */ = {
			isa = PBXGroup;
			children = (
				1D729A291C9990D000548428 /* ListConfigurator.swift */,
			);
			path = Configurator;
			sourceTree = "<group>";
		};
		1D729A311C9992F500548428 /* Router */ = {
			isa = PBXGroup;
			children = (
				1D729A321C99930400548428 /* ListRouter.swift */,
			);
			path = Router;
			sourceTree = "<group>";
		};
		1D729A3A1C99990500548428 /* Configurator */ = {
			isa = PBXGroup;
			children = (
				1D729A3F1C99991E00548428 /* DetailConfigurator.swift */,
			);
			path = Configurator;
			sourceTree = "<group>";
		};
		1D729A3B1C99990500548428 /* Interactor */ = {
			isa = PBXGroup;
			children = (
				1D729A411C99994B00548428 /* DetailInteractor.swift */,
			);
			path = Interactor;
			sourceTree = "<group>";
		};
		1D729A3C1C99990500548428 /* Presenter */ = {
			isa = PBXGroup;
			children = (
				1D729A431C99995600548428 /* DetailPresenter.swift */,
			);
			path = Presenter;
			sourceTree = "<group>";
		};
		1D729A3D1C99990500548428 /* Router */ = {
			isa = PBXGroup;
			children = (
				1D729A451C99996300548428 /* DetailRouter.swift */,
			);
			path = Router;
			sourceTree = "<group>";
		};
		1D729A3E1C99990500548428 /* View */ = {
			isa = PBXGroup;
			children = (
				1D729A491C99999C00548428 /* DetailViewController.swift */,
				1D729A4A1C99999C00548428 /* DetailViewController.xib */,
			);
			path = View;
			sourceTree = "<group>";
		};
		1DD1071C1C99441200146E91 = {
			isa = PBXGroup;
			children = (
				1DD107271C99441200146E91 /* VIP_CleanApp */,
				1DD1073C1C99441200146E91 /* VIP_CleanAppTests */,
				1DD107471C99441200146E91 /* VIP_CleanAppUITests */,
				1DD107261C99441200146E91 /* Products */,
			);
			sourceTree = "<group>";
		};
		1DD107261C99441200146E91 /* Products */ = {
			isa = PBXGroup;
			children = (
				1DD107251C99441200146E91 /* VIP_CleanApp.app */,
				1DD107391C99441200146E91 /* VIP_CleanAppTests.xctest */,
				1DD107441C99441200146E91 /* VIP_CleanAppUITests.xctest */,
			);
			name = Products;
			sourceTree = "<group>";
		};
		1DD107271C99441200146E91 /* VIP_CleanApp */ = {
			isa = PBXGroup;
			children = (
				1D729A2F1C99919000548428 /* VIPProtocols.swift */,
				1DD107561C99445200146E91 /* Scenes */,
				1DD107281C99441200146E91 /* AppDelegate.swift */,
				1DD1072A1C99441200146E91 /* ViewController.swift */,
				1DD1072F1C99441200146E91 /* Assets.xcassets */,
				1DD107311C99441200146E91 /* LaunchScreen.storyboard */,
				1DD107341C99441200146E91 /* Info.plist */,
			);
			path = VIP_CleanApp;
			sourceTree = "<group>";
		};
		1DD1073C1C99441200146E91 /* VIP_CleanAppTests */ = {
			isa = PBXGroup;
			children = (
				1DD1073D1C99441200146E91 /* VIP_CleanAppTests.swift */,
				1DD1073F1C99441200146E91 /* Info.plist */,
			);
			path = VIP_CleanAppTests;
			sourceTree = "<group>";
		};
		1DD107471C99441200146E91 /* VIP_CleanAppUITests */ = {
			isa = PBXGroup;
			children = (
				1DD107481C99441200146E91 /* VIP_CleanAppUITests.swift */,
				1DD1074A1C99441200146E91 /* Info.plist */,
			);
			path = VIP_CleanAppUITests;
			sourceTree = "<group>";
		};
		1DD107561C99445200146E91 /* Scenes */ = {
			isa = PBXGroup;
			children = (
				1DD107571C99445200146E91 /* Detail */,
				1DD107581C99445200146E91 /* List */,
			);
			path = Scenes;
			sourceTree = "<group>";
		};
		1DD107571C99445200146E91 /* Detail */ = {
			isa = PBXGroup;
			children = (
				1D729A4D1C9999F400548428 /* DetailVIPProtocols.swift */,
				1D729A3A1C99990500548428 /* Configurator */,
				1D729A3B1C99990500548428 /* Interactor */,
				1D729A3C1C99990500548428 /* Presenter */,
				1D729A3D1C99990500548428 /* Router */,
				1D729A3E1C99990500548428 /* View */,
			);
			path = Detail;
			sourceTree = "<group>";
		};
		1DD107581C99445200146E91 /* List */ = {
			isa = PBXGroup;
			children = (
				1D729A341C99936000548428 /* ListVIPProtocols.swift */,
				1D729A281C9990BC00548428 /* Configurator */,
				1D729A311C9992F500548428 /* Router */,
				1D729A211C998ACA00548428 /* Interactor */,
				1D729A221C998ACA00548428 /* Presenter */,
				1D729A231C998ACA00548428 /* View */,
			);
			path = List;
			sourceTree = "<group>";
		};
/* End PBXGroup section */

/* Begin PBXNativeTarget section */
		1DD107241C99441200146E91 /* VIP_CleanApp */ = {
			isa = PBXNativeTarget;
			buildConfigurationList = 1DD1074D1C99441200146E91 /* Build configuration list for PBXNativeTarget "VIP_CleanApp" */;
			buildPhases = (
				1DD107211C99441200146E91 /* Sources */,
				1DD107221C99441200146E91 /* Frameworks */,
				1DD107231C99441200146E91 /* Resources */,
			);
			buildRules = (
			);
			dependencies = (
			);
			name = VIP_CleanApp;
			productName = VIP_CleanApp;
			productReference = 1DD107251C99441200146E91 /* VIP_CleanApp.app */;
			productType = "com.apple.product-type.application";
		};
		1DD107381C99441200146E91 /* VIP_CleanAppTests */ = {
			isa = PBXNativeTarget;
			buildConfigurationList = 1DD107501C99441200146E91 /* Build configuration list for PBXNativeTarget "VIP_CleanAppTests" */;
			buildPhases = (
				1DD107351C99441200146E91 /* Sources */,
				1DD107361C99441200146E91 /* Frameworks */,
				1DD107371C99441200146E91 /* Resources */,
			);
			buildRules = (
			);
			dependencies = (
				1DD1073B1C99441200146E91 /* PBXTargetDependency */,
			);
			name = VIP_CleanAppTests;
			productName = VIP_CleanAppTests;
			productReference = 1DD107391C99441200146E91 /* VIP_CleanAppTests.xctest */;
			productType = "com.apple.product-type.bundle.unit-test";
		};
		1DD107431C99441200146E91 /* VIP_CleanAppUITests */ = {
			isa = PBXNativeTarget;
			buildConfigurationList = 1DD107531C99441200146E91 /* Build configuration list for PBXNativeTarget "VIP_CleanAppUITests" */;
			buildPhases = (
				1DD107401C99441200146E91 /* Sources */,
				1DD107411C99441200146E91 /* Frameworks */,
				1DD107421C99441200146E91 /* Resources */,
			);
			buildRules = (
			);
			dependencies = (
				1DD107461C99441200146E91 /* PBXTargetDependency */,
			);
			name = VIP_CleanAppUITests;
			productName = VIP_CleanAppUITests;
			productReference = 1DD107441C99441200146E91 /* VIP_CleanAppUITests.xctest */;
			productType = "com.apple.product-type.bundle.ui-testing";
		};
/* End PBXNativeTarget section */

/* Begin PBXProject section */
		1DD1071D1C99441200146E91 /* Project object */ = {
			isa = PBXProject;
			attributes = {
				LastSwiftUpdateCheck = 0720;
				LastUpgradeCheck = 0720;
				ORGANIZATIONNAME = NoName;
				TargetAttributes = {
					1DD107241C99441200146E91 = {
						CreatedOnToolsVersion = 7.2.1;
					};
					1DD107381C99441200146E91 = {
						CreatedOnToolsVersion = 7.2.1;
						TestTargetID = 1DD107241C99441200146E91;
					};
					1DD107431C99441200146E91 = {
						CreatedOnToolsVersion = 7.2.1;
						TestTargetID = 1DD107241C99441200146E91;
					};
				};
			};
			buildConfigurationList = 1DD107201C99441200146E91 /* Build configuration list for PBXProject "VIP_CleanApp" */;
			compatibilityVersion = "Xcode 3.2";
			developmentRegion = English;
			hasScannedForEncodings = 0;
			knownRegions = (
				en,
				Base,
			);
			mainGroup = 1DD1071C1C99441200146E91;
			productRefGroup = 1DD107261C99441200146E91 /* Products */;
			projectDirPath = "";
			projectRoot = "";
			targets = (
				1DD107241C99441200146E91 /* VIP_CleanApp */,
				1DD107381C99441200146E91 /* VIP_CleanAppTests */,
				1DD107431C99441200146E91 /* VIP_CleanAppUITests */,
			);
		};
/* End PBXProject section */

/* Begin PBXResourcesBuildPhase section */
		1DD107231C99441200146E91 /* Resources */ = {
			isa = PBXResourcesBuildPhase;
			buildActionMask = 2147483647;
			files = (
				1D729A391C99974800548428 /* ListViewCell.xib in Resources */,
				1DD107331C99441200146E91 /* LaunchScreen.storyboard in Resources */,
				1D729A4C1C99999C00548428 /* DetailViewController.xib in Resources */,
				1DD107301C99441200146E91 /* Assets.xcassets in Resources */,
				1D729A271C998AE500548428 /* ListViewController.xib in Resources */,
			);
			runOnlyForDeploymentPostprocessing = 0;
		};
		1DD107371C99441200146E91 /* Resources */ = {
			isa = PBXResourcesBuildPhase;
			buildActionMask = 2147483647;
			files = (
			);
			runOnlyForDeploymentPostprocessing = 0;
		};
		1DD107421C99441200146E91 /* Resources */ = {
			isa = PBXResourcesBuildPhase;
			buildActionMask = 2147483647;
			files = (
			);
			runOnlyForDeploymentPostprocessing = 0;
		};
/* End PBXResourcesBuildPhase section */

/* Begin PBXSourcesBuildPhase section */
		1DD107211C99441200146E91 /* Sources */ = {
			isa = PBXSourcesBuildPhase;
			buildActionMask = 2147483647;
			files = (
				1D729A331C99930400548428 /* ListRouter.swift in Sources */,
				1D729A2E1C99917700548428 /* ListInteractor.swift in Sources */,
				1D729A401C99991E00548428 /* DetailConfigurator.swift in Sources */,
				1D729A421C99994B00548428 /* DetailInteractor.swift in Sources */,
				1D729A371C99973E00548428 /* ListViewCell.swift in Sources */,
				1D729A461C99996300548428 /* DetailRouter.swift in Sources */,
				1D729A2C1C99914B00548428 /* ListPresenter.swift in Sources */,
				1D729A2A1C9990D000548428 /* ListConfigurator.swift in Sources */,
				1D729A301C99919000548428 /* VIPProtocols.swift in Sources */,
				1DD1072B1C99441200146E91 /* ViewController.swift in Sources */,
				1D729A4E1C9999F400548428 /* DetailVIPProtocols.swift in Sources */,
				1DD107291C99441200146E91 /* AppDelegate.swift in Sources */,
				1D729A441C99995600548428 /* DetailPresenter.swift in Sources */,
				1D729A4B1C99999C00548428 /* DetailViewController.swift in Sources */,
				1D729A351C99936000548428 /* ListVIPProtocols.swift in Sources */,
				1D729A261C998AE500548428 /* ListViewController.swift in Sources */,
			);
			runOnlyForDeploymentPostprocessing = 0;
		};
		1DD107351C99441200146E91 /* Sources */ = {
			isa = PBXSourcesBuildPhase;
			buildActionMask = 2147483647;
			files = (
				1DD1073E1C99441200146E91 /* VIP_CleanAppTests.swift in Sources */,
			);
			runOnlyForDeploymentPostprocessing = 0;
		};
		1DD107401C99441200146E91 /* Sources */ = {
			isa = PBXSourcesBuildPhase;
			buildActionMask = 2147483647;
			files = (
				1DD107491C99441200146E91 /* VIP_CleanAppUITests.swift in Sources */,
			);
			runOnlyForDeploymentPostprocessing = 0;
		};
/* End PBXSourcesBuildPhase section */

/* Begin PBXTargetDependency section */
		1DD1073B1C99441200146E91 /* PBXTargetDependency */ = {
			isa = PBXTargetDependency;
			target = 1DD107241C99441200146E91 /* VIP_CleanApp */;
			targetProxy = 1DD1073A1C99441200146E91 /* PBXContainerItemProxy */;
		};
		1DD107461C99441200146E91 /* PBXTargetDependency */ = {
			isa = PBXTargetDependency;
			target = 1DD107241C99441200146E91 /* VIP_CleanApp */;
			targetProxy = 1DD107451C99441200146E91 /* PBXContainerItemProxy */;
		};
/* End PBXTargetDependency section */

/* Begin PBXVariantGroup section */
		1DD107311C99441200146E91 /* LaunchScreen.storyboard */ = {
			isa = PBXVariantGroup;
			children = (
				1DD107321C99441200146E91 /* Base */,
			);
			name = LaunchScreen.storyboard;
			sourceTree = "<group>";
		};
/* End PBXVariantGroup section */

/* Begin XCBuildConfiguration section */
		1DD1074B1C99441200146E91 /* Debug */ = {
			isa = XCBuildConfiguration;
			buildSettings = {
				ALWAYS_SEARCH_USER_PATHS = NO;
				CLANG_CXX_LANGUAGE_STANDARD = "gnu++0x";
				CLANG_CXX_LIBRARY = "libc++";
				CLANG_ENABLE_MODULES = YES;
				CLANG_ENABLE_OBJC_ARC = YES;
				CLANG_WARN_BOOL_CONVERSION = YES;
				CLANG_WARN_CONSTANT_CONVERSION = YES;
				CLANG_WARN_DIRECT_OBJC_ISA_USAGE = YES_ERROR;
				CLANG_WARN_EMPTY_BODY = YES;
				CLANG_WARN_ENUM_CONVERSION = YES;
				CLANG_WARN_INT_CONVERSION = YES;
				CLANG_WARN_OBJC_ROOT_CLASS = YES_ERROR;
				CLANG_WARN_UNREACHABLE_CODE = YES;
				CLANG_WARN__DUPLICATE_METHOD_MATCH = YES;
				"CODE_SIGN_IDENTITY[sdk=iphoneos*]" = "iPhone Developer";
				COPY_PHASE_STRIP = NO;
				DEBUG_INFORMATION_FORMAT = dwarf;
				ENABLE_STRICT_OBJC_MSGSEND = YES;
				ENABLE_TESTABILITY = YES;
				GCC_C_LANGUAGE_STANDARD = gnu99;
				GCC_DYNAMIC_NO_PIC = NO;
				GCC_NO_COMMON_BLOCKS = YES;
				GCC_OPTIMIZATION_LEVEL = 0;
				GCC_PREPROCESSOR_DEFINITIONS = (
					"DEBUG=1",
					"$(inherited)",
				);
				GCC_WARN_64_TO_32_BIT_CONVERSION = YES;
				GCC_WARN_ABOUT_RETURN_TYPE = YES_ERROR;
				GCC_WARN_UNDECLARED_SELECTOR = YES;
				GCC_WARN_UNINITIALIZED_AUTOS = YES_AGGRESSIVE;
				GCC_WARN_UNUSED_FUNCTION = YES;
				GCC_WARN_UNUSED_VARIABLE = YES;
				IPHONEOS_DEPLOYMENT_TARGET = 9.2;
				MTL_ENABLE_DEBUG_INFO = YES;
				ONLY_ACTIVE_ARCH = YES;
				SDKROOT = iphoneos;
				SWIFT_OPTIMIZATION_LEVEL = "-Onone";
				TARGETED_DEVICE_FAMILY = "1,2";
			};
			name = Debug;
		};
		1DD1074C1C99441200146E91 /* Release */ = {
			isa = XCBuildConfiguration;
			buildSettings = {
				ALWAYS_SEARCH_USER_PATHS = NO;
				CLANG_CXX_LANGUAGE_STANDARD = "gnu++0x";
				CLANG_CXX_LIBRARY = "libc++";
				CLANG_ENABLE_MODULES = YES;
				CLANG_ENABLE_OBJC_ARC = YES;
				CLANG_WARN_BOOL_CONVERSION = YES;
				CLANG_WARN_CONSTANT_CONVERSION = YES;
				CLANG_WARN_DIRECT_OBJC_ISA_USAGE = YES_ERROR;
				CLANG_WARN_EMPTY_BODY = YES;
				CLANG_WARN_ENUM_CONVERSION = YES;
				CLANG_WARN_INT_CONVERSION = YES;
				CLANG_WARN_OBJC_ROOT_CLASS = YES_ERROR;
				CLANG_WARN_UNREACHABLE_CODE = YES;
				CLANG_WARN__DUPLICATE_METHOD_MATCH = YES;
				"CODE_SIGN_IDENTITY[sdk=iphoneos*]" = "iPhone Developer";
				COPY_PHASE_STRIP = NO;
				DEBUG_INFORMATION_FORMAT = "dwarf-with-dsym";
				ENABLE_NS_ASSERTIONS = NO;
				ENABLE_STRICT_OBJC_MSGSEND = YES;
				GCC_C_LANGUAGE_STANDARD = gnu99;
				GCC_NO_COMMON_BLOCKS = YES;
				GCC_WARN_64_TO_32_BIT_CONVERSION = YES;
				GCC_WARN_ABOUT_RETURN_TYPE = YES_ERROR;
				GCC_WARN_UNDECLARED_SELECTOR = YES;
				GCC_WARN_UNINITIALIZED_AUTOS = YES_AGGRESSIVE;
				GCC_WARN_UNUSED_FUNCTION = YES;
				GCC_WARN_UNUSED_VARIABLE = YES;
				IPHONEOS_DEPLOYMENT_TARGET = 9.2;
				MTL_ENABLE_DEBUG_INFO = NO;
				SDKROOT = iphoneos;
				TARGETED_DEVICE_FAMILY = "1,2";
				VALIDATE_PRODUCT = YES;
			};
			name = Release;
		};
		1DD1074E1C99441200146E91 /* Debug */ = {
			isa = XCBuildConfiguration;
			buildSettings = {
				ASSETCATALOG_COMPILER_APPICON_NAME = AppIcon;
				INFOPLIST_FILE = VIP_CleanApp/Info.plist;
				LD_RUNPATH_SEARCH_PATHS = "$(inherited) @executable_path/Frameworks";
				PRODUCT_BUNDLE_IDENTIFIER = "com.noname.VIP-CleanApp";
				PRODUCT_NAME = "$(TARGET_NAME)";
			};
			name = Debug;
		};
		1DD1074F1C99441200146E91 /* Release */ = {
			isa = XCBuildConfiguration;
			buildSettings = {
				ASSETCATALOG_COMPILER_APPICON_NAME = AppIcon;
				INFOPLIST_FILE = VIP_CleanApp/Info.plist;
				LD_RUNPATH_SEARCH_PATHS = "$(inherited) @executable_path/Frameworks";
				PRODUCT_BUNDLE_IDENTIFIER = "com.noname.VIP-CleanApp";
				PRODUCT_NAME = "$(TARGET_NAME)";
			};
			name = Release;
		};
		1DD107511C99441200146E91 /* Debug */ = {
			isa = XCBuildConfiguration;
			buildSettings = {
				BUNDLE_LOADER = "$(TEST_HOST)";
				INFOPLIST_FILE = VIP_CleanAppTests/Info.plist;
				LD_RUNPATH_SEARCH_PATHS = "$(inherited) @executable_path/Frameworks @loader_path/Frameworks";
				PRODUCT_BUNDLE_IDENTIFIER = "com.noname.VIP-CleanAppTests";
				PRODUCT_NAME = "$(TARGET_NAME)";
				TEST_HOST = "$(BUILT_PRODUCTS_DIR)/VIP_CleanApp.app/VIP_CleanApp";
			};
			name = Debug;
		};
		1DD107521C99441200146E91 /* Release */ = {
			isa = XCBuildConfiguration;
			buildSettings = {
				BUNDLE_LOADER = "$(TEST_HOST)";
				INFOPLIST_FILE = VIP_CleanAppTests/Info.plist;
				LD_RUNPATH_SEARCH_PATHS = "$(inherited) @executable_path/Frameworks @loader_path/Frameworks";
				PRODUCT_BUNDLE_IDENTIFIER = "com.noname.VIP-CleanAppTests";
				PRODUCT_NAME = "$(TARGET_NAME)";
				TEST_HOST = "$(BUILT_PRODUCTS_DIR)/VIP_CleanApp.app/VIP_CleanApp";
			};
			name = Release;
		};
		1DD107541C99441200146E91 /* Debug */ = {
			isa = XCBuildConfiguration;
			buildSettings = {
				INFOPLIST_FILE = VIP_CleanAppUITests/Info.plist;
				LD_RUNPATH_SEARCH_PATHS = "$(inherited) @executable_path/Frameworks @loader_path/Frameworks";
				PRODUCT_BUNDLE_IDENTIFIER = "com.noname.VIP-CleanAppUITests";
				PRODUCT_NAME = "$(TARGET_NAME)";
				TEST_TARGET_NAME = VIP_CleanApp;
				USES_XCTRUNNER = YES;
			};
			name = Debug;
		};
		1DD107551C99441200146E91 /* Release */ = {
			isa = XCBuildConfiguration;
			buildSettings = {
				INFOPLIST_FILE = VIP_CleanAppUITests/Info.plist;
				LD_RUNPATH_SEARCH_PATHS = "$(inherited) @executable_path/Frameworks @loader_path/Frameworks";
				PRODUCT_BUNDLE_IDENTIFIER = "com.noname.VIP-CleanAppUITests";
				PRODUCT_NAME = "$(TARGET_NAME)";
				TEST_TARGET_NAME = VIP_CleanApp;
				USES_XCTRUNNER = YES;
			};
			name = Release;
		};
/* End XCBuildConfiguration section */

/* Begin XCConfigurationList section */
		1DD107201C99441200146E91 /* Build configuration list for PBXProject "VIP_CleanApp" */ = {
			isa = XCConfigurationList;
			buildConfigurations = (
				1DD1074B1C99441200146E91 /* Debug */,
				1DD1074C1C99441200146E91 /* Release */,
			);
			defaultConfigurationIsVisible = 0;
			defaultConfigurationName = Release;
		};
		1DD1074D1C99441200146E91 /* Build configuration list for PBXNativeTarget "VIP_CleanApp" */ = {
			isa = XCConfigurationList;
			buildConfigurations = (
				1DD1074E1C99441200146E91 /* Debug */,
				1DD1074F1C99441200146E91 /* Release */,
			);
			defaultConfigurationIsVisible = 0;
			defaultConfigurationName = Release;
		};
		1DD107501C99441200146E91 /* Build configuration list for PBXNativeTarget "VIP_CleanAppTests" */ = {
			isa = XCConfigurationList;
			buildConfigurations = (
				1DD107511C99441200146E91 /* Debug */,
				1DD107521C99441200146E91 /* Release */,
			);
			defaultConfigurationIsVisible = 0;
			defaultConfigurationName = Release;
		};
		1DD107531C99441200146E91 /* Build configuration list for PBXNativeTarget "VIP_CleanAppUITests" */ = {
			isa = XCConfigurationList;
			buildConfigurations = (
				1DD107541C99441200146E91 /* Debug */,
				1DD107551C99441200146E91 /* Release */,
			);
			defaultConfigurationIsVisible = 0;
			defaultConfigurationName = Release;
		};
/* End XCConfigurationList section */
	};
	rootObject = 1DD1071D1C99441200146E91 /* Project object */;
}
